
Microsoft Visual Studio Solution File, Format Version 12.00
# Visual Studio Version 17
VisualStudioVersion = 17.9.34607.119
MinimumVisualStudioVersion = 10.0.40219.1
Project("{FAE04EC0-301F-11D3-BF4B-00C04F79EFBC}") = "ManeskinDomein", "ManeskinDomein\ManeskinDomein.csproj", "{81AA5A77-5FA3-4425-BB39-29DD4F5B4391}"
EndProject
Project("{FAE04EC0-301F-11D3-BF4B-00C04F79EFBC}") = "ManeskinInfrastructure", "ManeskinInfrastructure\ManeskinInfrastructure.csproj", "{B7C083A5-3D10-42EB-886C-3CBBA546A039}"
EndProject
Global
	GlobalSection(SolutionConfigurationPlatforms) = preSolution
		Debug|Any CPU = Debug|Any CPU
		Release|Any CPU = Release|Any CPU
	EndGlobalSection
	GlobalSection(ProjectConfigurationPlatforms) = postSolution
		{81AA5A77-5FA3-4425-BB39-29DD4F5B4391}.Debug|Any CPU.ActiveCfg = Debug|Any CPU
		{81AA5A77-5FA3-4425-BB39-29DD4F5B4391}.Debug|Any CPU.Build.0 = Debug|Any CPU
		{81AA5A77-5FA3-4425-BB39-29DD4F5B4391}.Release|Any CPU.ActiveCfg = Release|Any CPU
		{81AA5A77-5FA3-4425-BB39-29DD4F5B4391}.Release|Any CPU.Build.0 = Release|Any CPU
		{B7C083A5-3D10-42EB-886C-3CBBA546A039}.Debug|Any CPU.ActiveCfg = Debug|Any CPU
		{B7C083A5-3D10-42EB-886C-3CBBA546A039}.Debug|Any CPU.Build.0 = Debug|Any CPU
		{B7C083A5-3D10-42EB-886C-3CBBA546A039}.Release|Any CPU.ActiveCfg = Release|Any CPU
		{B7C083A5-3D10-42EB-886C-3CBBA546A039}.Release|Any CPU.Build.0 = Release|Any CPU
	EndGlobalSection
	GlobalSection(SolutionProperties) = preSolution
		HideSolutionNode = FALSE
	EndGlobalSection
	GlobalSection(ExtensibilityGlobals) = postSolution
		SolutionGuid = {172C2EF6-FF74-4FAC-B239-47AE27A596B7}
	EndGlobalSection
EndGlobal
